// !$*UTF8*$!
{
	archiveVersion = 1;
	classes = {
	};
	objectVersion = 46;
	objects = {

/* Begin PBXBuildFile section */
		2AA2D3D7217E827B0060C2C4 /* AppDelegate.swift in Sources */ = {isa = PBXBuildFile; fileRef = 2AA2D3D6217E827B0060C2C4 /* AppDelegate.swift */; };
		2AA2D3D9217E827B0060C2C4 /* ViewController.swift in Sources */ = {isa = PBXBuildFile; fileRef = 2AA2D3D8217E827B0060C2C4 /* ViewController.swift */; };
		2AA2D3DC217E827B0060C2C4 /* Main.storyboard in Resources */ = {isa = PBXBuildFile; fileRef = 2AA2D3DA217E827B0060C2C4 /* Main.storyboard */; };
		2AA2D3DE217E827B0060C2C4 /* Assets.xcassets in Resources */ = {isa = PBXBuildFile; fileRef = 2AA2D3DD217E827B0060C2C4 /* Assets.xcassets */; };
		2AA2D3E1217E827B0060C2C4 /* LaunchScreen.storyboard in Resources */ = {isa = PBXBuildFile; fileRef = 2AA2D3DF217E827B0060C2C4 /* LaunchScreen.storyboard */; };
/* End PBXBuildFile section */

/* Begin PBXFileReference section */
		2AA2D3D3217E827B0060C2C4 /* Camara.app */ = {isa = PBXFileReference; explicitFileType = wrapper.application; includeInIndex = 0; path = Camara.app; sourceTree = BUILT_PRODUCTS_DIR; };
		2AA2D3D6217E827B0060C2C4 /* AppDelegate.swift */ = {isa = PBXFileReference; lastKnownFileType = sourcecode.swift; path = AppDelegate.swift; sourceTree = "<group>"; };
		2AA2D3D8217E827B0060C2C4 /* ViewController.swift */ = {isa = PBXFileReference; lastKnownFileType = sourcecode.swift; path = ViewController.swift; sourceTree = "<group>"; };
		2AA2D3DB217E827B0060C2C4 /* Base */ = {isa = PBXFileReference; lastKnownFileType = file.storyboard; name = Base; path = Base.lproj/Main.storyboard; sourceTree = "<group>"; };
		2AA2D3DD217E827B0060C2C4 /* Assets.xcassets */ = {isa = PBXFileReference; lastKnownFileType = folder.assetcatalog; path = Assets.xcassets; sourceTree = "<group>"; };
		2AA2D3E0217E827B0060C2C4 /* Base */ = {isa = PBXFileReference; lastKnownFileType = file.storyboard; name = Base; path = Base.lproj/LaunchScreen.storyboard; sourceTree = "<group>"; };
		2AA2D3E2217E827B0060C2C4 /* Info.plist */ = {isa = PBXFileReference; lastKnownFileType = text.plist.xml; path = Info.plist; sourceTree = "<group>"; };
/* End PBXFileReference section */

/* Begin PBXFrameworksBuildPhase section */
		2AA2D3D0217E827A0060C2C4 /* Frameworks */ = {
			isa = PBXFrameworksBuildPhase;
			buildActionMask = 2147483647;
			files = (
			);
			runOnlyForDeploymentPostprocessing = 0;
		};
/* End PBXFrameworksBuildPhase section */

/* Begin PBXGroup section */
		2AA2D3CA217E827A0060C2C4 = {
			isa = PBXGroup;
			children = (
				2AA2D3D5217E827B0060C2C4 /* Camara */,
				2AA2D3D4217E827B0060C2C4 /* Products */,
			);
			sourceTree = "<group>";
		};
		2AA2D3D4217E827B0060C2C4 /* Products */ = {
			isa = PBXGroup;
			children = (
				2AA2D3D3217E827B0060C2C4 /* Camara.app */,
			);
			name = Products;
			sourceTree = "<group>";
		};
		2AA2D3D5217E827B0060C2C4 /* Camara */ = {
			isa = PBXGroup;
			children = (
				2AA2D3D6217E827B0060C2C4 /* AppDelegate.swift */,
				2AA2D3D8217E827B0060C2C4 /* ViewController.swift */,
				2AA2D3DA217E827B0060C2C4 /* Main.storyboard */,
				2AA2D3DD217E827B0060C2C4 /* Assets.xcassets */,
				2AA2D3DF217E827B0060C2C4 /* LaunchScreen.storyboard */,
				2AA2D3E2217E827B0060C2C4 /* Info.plist */,
			);
			path = Camara;
			sourceTree = "<group>";
		};
/* End PBXGroup section */

/* Begin PBXNativeTarget section */
		2AA2D3D2217E827A0060C2C4 /* Camara */ = {
			isa = PBXNativeTarget;
			buildConfigurationList = 2AA2D3E5217E827B0060C2C4 /* Build configuration list for PBXNativeTarget "Camara" */;
			buildPhases = (
				2AA2D3CF217E827A0060C2C4 /* Sources */,
				2AA2D3D0217E827A0060C2C4 /* Frameworks */,
				2AA2D3D1217E827A0060C2C4 /* Resources */,
			);
			buildRules = (
			);
			dependencies = (
			);
			name = Camara;
			productName = Camara;
			productReference = 2AA2D3D3217E827B0060C2C4 /* Camara.app */;
			productType = "com.apple.product-type.application";
		};
/* End PBXNativeTarget section */

/* Begin PBXProject section */
		2AA2D3CB217E827A0060C2C4 /* Project object */ = {
			isa = PBXProject;
			attributes = {
				LastSwiftUpdateCheck = 0820;
				LastUpgradeCheck = 0820;
				ORGANIZATIONNAME = iPhone;
				TargetAttributes = {
					2AA2D3D2217E827A0060C2C4 = {
						CreatedOnToolsVersion = 8.2.1;
						ProvisioningStyle = Automatic;
					};
				};
			};
			buildConfigurationList = 2AA2D3CE217E827A0060C2C4 /* Build configuration list for PBXProject "Camara" */;
			compatibilityVersion = "Xcode 3.2";
			developmentRegion = English;
			hasScannedForEncodings = 0;
			knownRegions = (
				en,
				Base,
			);
			mainGroup = 2AA2D3CA217E827A0060C2C4;
			productRefGroup = 2AA2D3D4217E827B0060C2C4 /* Products */;
			projectDirPath = "";
			projectRoot = "";
			targets = (
				2AA2D3D2217E827A0060C2C4 /* Camara */,
			);
		};
/* End PBXProject section */

/* Begin PBXResourcesBuildPhase section */
		2AA2D3D1217E827A0060C2C4 /* Resources */ = {
			isa = PBXResourcesBuildPhase;
			buildActionMask = 2147483647;
			files = (
				2AA2D3E1217E827B0060C2C4 /* LaunchScreen.storyboard in Resources */,
				2AA2D3DE217E827B0060C2C4 /* Assets.xcassets in Resources */,
				2AA2D3DC217E827B0060C2C4 /* Main.storyboard in Resources */,
			);
			runOnlyForDeploymentPostprocessing = 0;
		};
/* End PBXResourcesBuildPhase section */

/* Begin PBXSourcesBuildPhase section */
		2AA2D3CF217E827A0060C2C4 /* Sources */ = {
			isa = PBXSourcesBuildPhase;
			buildActionMask = 2147483647;
			files = (
				2AA2D3D9217E827B0060C2C4 /* ViewController.swift in Sources */,
				2AA2D3D7217E827B0060C2C4 /* AppDelegate.swift in Sources */,
			);
			runOnlyForDeploymentPostprocessing = 0;
		};
/* End PBXSourcesBuildPhase section */

/* Begin PBXVariantGroup section */
		2AA2D3DA217E827B0060C2C4 /* Main.storyboard */ = {
			isa = PBXVariantGroup;
			children = (
				2AA2D3DB217E827B0060C2C4 /* Base */,
			);
			name = Main.storyboard;
			sourceTree = "<group>";
		};
		2AA2D3DF217E827B0060C2C4 /* LaunchScreen.storyboard */ = {
			isa = PBXVariantGroup;
			children = (
				2AA2D3E0217E827B0060C2C4 /* Base */,
			);
			name = LaunchScreen.storyboard;
			sourceTree = "<group>";
		};
/* End PBXVariantGroup section */

/* Begin XCBuildConfiguration section */
		2AA2D3E3217E827B0060C2C4 /* Debug */ = {
			isa = XCBuildConfiguration;
			buildSettings = {
				ALWAYS_SEARCH_USER_PATHS = NO;
				CLANG_ANALYZER_NONNULL = YES;
				CLANG_CXX_LANGUAGE_STANDARD = "gnu++0x";
				CLANG_CXX_LIBRARY = "libc++";
				CLANG_ENABLE_MODULES = YES;
				CLANG_ENABLE_OBJC_ARC = YES;
				CLANG_WARN_BOOL_CONVERSION = YES;
				CLANG_WARN_CONSTANT_CONVERSION = YES;
				CLANG_WARN_DIRECT_OBJC_ISA_USAGE = YES_ERROR;
				CLANG_WARN_DOCUMENTATION_COMMENTS = YES;
				CLANG_WARN_EMPTY_BODY = YES;
				CLANG_WARN_ENUM_CONVERSION = YES;
				CLANG_WARN_INFINITE_RECURSION = YES;
				CLANG_WARN_INT_CONVERSION = YES;
				CLANG_WARN_OBJC_ROOT_CLASS = YES_ERROR;
				CLANG_WARN_SUSPICIOUS_MOVE = YES;
				CLANG_WARN_UNREACHABLE_CODE = YES;
				CLANG_WARN__DUPLICATE_METHOD_MATCH = YES;
				"CODE_SIGN_IDENTITY[sdk=iphoneos*]" = "iPhone Developer";
				COPY_PHASE_STRIP = NO;
				DEBUG_INFORMATION_FORMAT = dwarf;
				ENABLE_STRICT_OBJC_MSGSEND = YES;
				ENABLE_TESTABILITY = YES;
				GCC_C_LANGUAGE_STANDARD = gnu99;
				GCC_DYNAMIC_NO_PIC = NO;
				GCC_NO_COMMON_BLOCKS = YES;
				GCC_OPTIMIZATION_LEVEL = 0;
				GCC_PREPROCESSOR_DEFINITIONS = (
					"DEBUG=1",
					"$(inherited)",
				);
				GCC_WARN_64_TO_32_BIT_CONVERSION = YES;
				GCC_WARN_ABOUT_RETURN_TYPE = YES_ERROR;
				GCC_WARN_UNDECLARED_SELECTOR = YES;
				GCC_WARN_UNINITIALIZED_AUTOS = YES_AGGRESSIVE;
				GCC_WARN_UNUSED_FUNCTION = YES;
				GCC_WARN_UNUSED_VARIABLE = YES;
				IPHONEOS_DEPLOYMENT_TARGET = 10.2;
				MTL_ENABLE_DEBUG_INFO = YES;
				ONLY_ACTIVE_ARCH = YES;
				SDKROOT = iphoneos;
				SWIFT_ACTIVE_COMPILATION_CONDITIONS = DEBUG;
				SWIFT_OPTIMIZATION_LEVEL = "-Onone";
				TARGETED_DEVICE_FAMILY = "1,2";
			};
			name = Debug;
		};
		2AA2D3E4217E827B0060C2C4 /* Release */ = {
			isa = XCBuildConfiguration;
			buildSettings = {
				ALWAYS_SEARCH_USER_PATHS = NO;
				CLANG_ANALYZER_NONNULL = YES;
				CLANG_CXX_LANGUAGE_STANDARD = "gnu++0x";
				CLANG_CXX_LIBRARY = "libc++";
				CLANG_ENABLE_MODULES = YES;
				CLANG_ENABLE_OBJC_ARC = YES;
				CLANG_WARN_BOOL_CONVERSION = YES;
				CLANG_WARN_CONSTANT_CONVERSION = YES;
				CLANG_WARN_DIRECT_OBJC_ISA_USAGE = YES_ERROR;
				CLANG_WARN_DOCUMENTATION_COMMENTS = YES;
				CLANG_WARN_EMPTY_BODY = YES;
				CLANG_WARN_ENUM_CONVERSION = YES;
				CLANG_WARN_INFINITE_RECURSION = YES;
				CLANG_WARN_INT_CONVERSION = YES;
				CLANG_WARN_OBJC_ROOT_CLASS = YES_ERROR;
				CLANG_WARN_SUSPICIOUS_MOVE = YES;
				CLANG_WARN_UNREACHABLE_CODE = YES;
				CLANG_WARN__DUPLICATE_METHOD_MATCH = YES;
				"CODE_SIGN_IDENTITY[sdk=iphoneos*]" = "iPhone Developer";
				COPY_PHASE_STRIP = NO;
				DEBUG_INFORMATION_FORMAT = "dwarf-with-dsym";
				ENABLE_NS_ASSERTIONS = NO;
				ENABLE_STRICT_OBJC_MSGSEND = YES;
				GCC_C_LANGUAGE_STANDARD = gnu99;
				GCC_NO_COMMON_BLOCKS = YES;
				GCC_WARN_64_TO_32_BIT_CONVERSION = YES;
				GCC_WARN_ABOUT_RETURN_TYPE = YES_ERROR;
				GCC_WARN_UNDECLARED_SELECTOR = YES;
				GCC_WARN_UNINITIALIZED_AUTOS = YES_AGGRESSIVE;
				GCC_WARN_UNUSED_FUNCTION = YES;
				GCC_WARN_UNUSED_VARIABLE = YES;
				IPHONEOS_DEPLOYMENT_TARGET = 10.2;
				MTL_ENABLE_DEBUG_INFO = NO;
				SDKROOT = iphoneos;
				SWIFT_OPTIMIZATION_LEVEL = "-Owholemodule";
				TARGETED_DEVICE_FAMILY = "1,2";
				VALIDATE_PRODUCT = YES;
			};
			name = Release;
		};
		2AA2D3E6217E827B0060C2C4 /* Debug */ = {
			isa = XCBuildConfiguration;
			buildSettings = {
				ASSETCATALOG_COMPILER_APPICON_NAME = AppIcon;
				INFOPLIST_FILE = Camara/Info.plist;
				LD_RUNPATH_SEARCH_PATHS = "$(inherited) @executable_path/Frameworks";
				PRODUCT_BUNDLE_IDENTIFIER = personal.Camara;
				PRODUCT_NAME = "$(TARGET_NAME)";
				SWIFT_VERSION = 3.0;
			};
			name = Debug;
		};
		2AA2D3E7217E827B0060C2C4 /* Release */ = {
			isa = XCBuildConfiguration;
			buildSettings = {
				ASSETCATALOG_COMPILER_APPICON_NAME = AppIcon;
				INFOPLIST_FILE = Camara/Info.plist;
				LD_RUNPATH_SEARCH_PATHS = "$(inherited) @executable_path/Frameworks";
				PRODUCT_BUNDLE_IDENTIFIER = personal.Camara;
				PRODUCT_NAME = "$(TARGET_NAME)";
				SWIFT_VERSION = 3.0;
			};
			name = Release;
		};
/* End XCBuildConfiguration section */

/* Begin XCConfigurationList section */
		2AA2D3CE217E827A0060C2C4 /* Build configuration list for PBXProject "Camara" */ = {
			isa = XCConfigurationList;
			buildConfigurations = (
				2AA2D3E3217E827B0060C2C4 /* Debug */,
				2AA2D3E4217E827B0060C2C4 /* Release */,
			);
			defaultConfigurationIsVisible = 0;
			defaultConfigurationName = Release;
		};
		2AA2D3E5217E827B0060C2C4 /* Build configuration list for PBXNativeTarget "Camara" */ = {
			isa = XCConfigurationList;
			buildConfigurations = (
				2AA2D3E6217E827B0060C2C4 /* Debug */,
				2AA2D3E7217E827B0060C2C4 /* Release */,
			);
			defaultConfigurationIsVisible = 0;
		};
/* End XCConfigurationList section */
	};
	rootObject = 2AA2D3CB217E827A0060C2C4 /* Project object */;
}
